
Microsoft Visual Studio Solution File, Format Version 12.00
Project("{FAE04EC0-301F-11D3-BF4B-00C04F79EFBC}") = "Beacon.Sdk", "Beacon.Sdk\Beacon.Sdk.csproj", "{B938EE8C-E28D-40A5-80DA-2FD47A238883}"
EndProject
Project("{FAE04EC0-301F-11D3-BF4B-00C04F79EFBC}") = "Beacon.Examples.ConsoleApp", "Beacon.Examples.ConsoleApp\Beacon.Examples.ConsoleApp.csproj", "{A5014245-7537-49C3-BD95-44BBBA5D4F25}"
EndProject
Project("{FAE04EC0-301F-11D3-BF4B-00C04F79EFBC}") = "Matrix.Sdk", "matrix-dotnet-sdk\Matrix.Sdk\Matrix.Sdk.csproj", "{D8C283FF-930B-49BC-8453-6EB602FEB017}"
EndProject
Project("{FAE04EC0-301F-11D3-BF4B-00C04F79EFBC}") = "Matrix.Examples.ConsoleApp", "matrix-dotnet-sdk\Matrix.Examples.ConsoleApp\Matrix.Examples.ConsoleApp.csproj", "{0E89E2BD-99B4-40DB-AA16-FAB58BE6D9EE}"
EndProject
Global
	GlobalSection(SolutionConfigurationPlatforms) = preSolution
		Debug|Any CPU = Debug|Any CPU
		Release|Any CPU = Release|Any CPU
	EndGlobalSection
	GlobalSection(ProjectConfigurationPlatforms) = postSolution
		{B938EE8C-E28D-40A5-80DA-2FD47A238883}.Debug|Any CPU.ActiveCfg = Debug|Any CPU
		{B938EE8C-E28D-40A5-80DA-2FD47A238883}.Debug|Any CPU.Build.0 = Debug|Any CPU
		{B938EE8C-E28D-40A5-80DA-2FD47A238883}.Release|Any CPU.ActiveCfg = Release|Any CPU
		{B938EE8C-E28D-40A5-80DA-2FD47A238883}.Release|Any CPU.Build.0 = Release|Any CPU
		{A5014245-7537-49C3-BD95-44BBBA5D4F25}.Debug|Any CPU.ActiveCfg = Debug|Any CPU
		{A5014245-7537-49C3-BD95-44BBBA5D4F25}.Debug|Any CPU.Build.0 = Debug|Any CPU
		{A5014245-7537-49C3-BD95-44BBBA5D4F25}.Release|Any CPU.ActiveCfg = Release|Any CPU
		{A5014245-7537-49C3-BD95-44BBBA5D4F25}.Release|Any CPU.Build.0 = Release|Any CPU
		{D8C283FF-930B-49BC-8453-6EB602FEB017}.Debug|Any CPU.ActiveCfg = Debug|Any CPU
		{D8C283FF-930B-49BC-8453-6EB602FEB017}.Debug|Any CPU.Build.0 = Debug|Any CPU
		{D8C283FF-930B-49BC-8453-6EB602FEB017}.Release|Any CPU.ActiveCfg = Release|Any CPU
		{D8C283FF-930B-49BC-8453-6EB602FEB017}.Release|Any CPU.Build.0 = Release|Any CPU
		{0E89E2BD-99B4-40DB-AA16-FAB58BE6D9EE}.Debug|Any CPU.ActiveCfg = Debug|Any CPU
		{0E89E2BD-99B4-40DB-AA16-FAB58BE6D9EE}.Debug|Any CPU.Build.0 = Debug|Any CPU
		{0E89E2BD-99B4-40DB-AA16-FAB58BE6D9EE}.Release|Any CPU.ActiveCfg = Release|Any CPU
		{0E89E2BD-99B4-40DB-AA16-FAB58BE6D9EE}.Release|Any CPU.Build.0 = Release|Any CPU
	EndGlobalSection
EndGlobal
